
Microsoft Visual Studio Solution File, Format Version 12.00
# Visual Studio Version 16
VisualStudioVersion = 16.0.30204.135
MinimumVisualStudioVersion = 10.0.40219.1
Project("{FAE04EC0-301F-11D3-BF4B-00C04F79EFBC}") = "EventsDelegatesSample", "EventsDelegatesSample\EventsDelegatesSample.csproj", "{364C0E71-44F8-49AB-8A84-C7928154EE0D}"
EndProject
Global
	GlobalSection(SolutionConfigurationPlatforms) = preSolution
		Debug|Any CPU = Debug|Any CPU
		Release|Any CPU = Release|Any CPU
	EndGlobalSection
	GlobalSection(ProjectConfigurationPlatforms) = postSolution
		{364C0E71-44F8-49AB-8A84-C7928154EE0D}.Debug|Any CPU.ActiveCfg = Debug|Any CPU
		{364C0E71-44F8-49AB-8A84-C7928154EE0D}.Debug|Any CPU.Build.0 = Debug|Any CPU
		{364C0E71-44F8-49AB-8A84-C7928154EE0D}.Release|Any CPU.ActiveCfg = Release|Any CPU
		{364C0E71-44F8-49AB-8A84-C7928154EE0D}.Release|Any CPU.Build.0 = Release|Any CPU
	EndGlobalSection
	GlobalSection(SolutionProperties) = preSolution
		HideSolutionNode = FALSE
	EndGlobalSection
	GlobalSection(ExtensibilityGlobals) = postSolution
		SolutionGuid = {7DE2CF97-DDC0-405D-9F8C-A243B10F5C47}
	EndGlobalSection
EndGlobal
